
Microsoft Visual Studio Solution File, Format Version 12.00
# Visual Studio Version 16
VisualStudioVersion = 16.0.28407.52
MinimumVisualStudioVersion = 10.0.40219.1
Project("{9A19103F-16F7-4668-BE54-9A1E7A4F7556}") = "Speedygeek.ZendeskAPI", "Speedygeek.ZendeskAPI\Speedygeek.ZendeskAPI.csproj", "{3A19E9E7-43D8-4FA4-88C6-89BCADFE4E9E}"
EndProject
Project("{2150E333-8FDC-42A3-9474-1A3956D46DE8}") = "Solution Items", "Solution Items", "{185499BA-606C-46A5-A04F-049F7C702CB5}"
	ProjectSection(SolutionItems) = preProject
		.editorconfig = .editorconfig
		..\.gitignore = ..\.gitignore
		Directory.Build.props = Directory.Build.props
		en-US_User.dic = en-US_User.dic
		..\GitVersionConfig.yaml = ..\GitVersionConfig.yaml
		Speedygeek.ZendeskAPI.sln.vsspell = Speedygeek.ZendeskAPI.sln.vsspell
		stylecop.json = stylecop.json
	EndProjectSection
EndProject
Project("{9A19103F-16F7-4668-BE54-9A1E7A4F7556}") = "Speedygeek.ZendeskAPI.UnitTests", "Speedygeek.ZendeskAPI.UnitTests\Speedygeek.ZendeskAPI.UnitTests.csproj", "{47DB4011-1A61-4F59-9727-F45E30330CAB}"
EndProject
Project("{FAE04EC0-301F-11D3-BF4B-00C04F79EFBC}") = "Speedygeek.ZendeskAPI.IntegrationTests", "Speedygeek.ZendeskAPI.IntegrationTests\Speedygeek.ZendeskAPI.IntegrationTests.csproj", "{2B15A99D-CCEA-446C-AE2A-DE61142FF8C0}"
EndProject
Global
	GlobalSection(SolutionConfigurationPlatforms) = preSolution
		Debug|Any CPU = Debug|Any CPU
		Release|Any CPU = Release|Any CPU
	EndGlobalSection
	GlobalSection(ProjectConfigurationPlatforms) = postSolution
		{3A19E9E7-43D8-4FA4-88C6-89BCADFE4E9E}.Debug|Any CPU.ActiveCfg = Debug|Any CPU
		{3A19E9E7-43D8-4FA4-88C6-89BCADFE4E9E}.Debug|Any CPU.Build.0 = Debug|Any CPU
		{3A19E9E7-43D8-4FA4-88C6-89BCADFE4E9E}.Release|Any CPU.ActiveCfg = Release|Any CPU
		{3A19E9E7-43D8-4FA4-88C6-89BCADFE4E9E}.Release|Any CPU.Build.0 = Release|Any CPU
		{47DB4011-1A61-4F59-9727-F45E30330CAB}.Debug|Any CPU.ActiveCfg = Debug|Any CPU
		{47DB4011-1A61-4F59-9727-F45E30330CAB}.Debug|Any CPU.Build.0 = Debug|Any CPU
		{47DB4011-1A61-4F59-9727-F45E30330CAB}.Release|Any CPU.ActiveCfg = Release|Any CPU
		{47DB4011-1A61-4F59-9727-F45E30330CAB}.Release|Any CPU.Build.0 = Release|Any CPU
		{2B15A99D-CCEA-446C-AE2A-DE61142FF8C0}.Debug|Any CPU.ActiveCfg = Debug|Any CPU
		{2B15A99D-CCEA-446C-AE2A-DE61142FF8C0}.Debug|Any CPU.Build.0 = Debug|Any CPU
		{2B15A99D-CCEA-446C-AE2A-DE61142FF8C0}.Release|Any CPU.ActiveCfg = Release|Any CPU
		{2B15A99D-CCEA-446C-AE2A-DE61142FF8C0}.Release|Any CPU.Build.0 = Release|Any CPU
	EndGlobalSection
	GlobalSection(SolutionProperties) = preSolution
		HideSolutionNode = FALSE
	EndGlobalSection
	GlobalSection(ExtensibilityGlobals) = postSolution
		SolutionGuid = {9E394E23-F0A9-4353-A2CD-CE12BA1794AA}
	EndGlobalSection
EndGlobal
